{
  "name": "laravel9ecommerce",
  "lockfileVersion": 3,
  "requires": true,
  "packages": {
    "": {
      "name": "laravel9ecommerce",
      "dependencies": {
        "add": "^2.0.6",
        "yarn": "^1.22.19"
      },
      "devDependencies": {
        "foo": "^1.0.0"
      }
    },
    "node_modules/add": {
      "version": "2.0.6",
      "resolved": "https://registry.npmjs.org/add/-/add-2.0.6.tgz",
      "integrity": "sha512-j5QzrmsokwWWp6kUcJQySpbG+xfOBqqKnup3OIk1pz+kB/80SLorZ9V8zHFLO92Lcd+hbvq8bT+zOGoPkmBV0Q=="
    },
    "node_modules/foo": {
      "version": "1.0.0",
      "resolved": "https://registry.npmjs.org/foo/-/foo-1.0.0.tgz",
      "integrity": "sha512-URO90jLnKPqX+P7OLnJkiIQfMX4I6gEdGZ1T84drQLtRPw6uNKYLZfB6K3hjWIrj0VZB1kh2cTFdeq01i6XIYQ==",
      "dev": true,
      "engines": {
        "node": ">= v0.2"
      }
    },
    "node_modules/yarn": {
      "version": "1.22.19",
      "resolved": "https://registry.npmjs.org/yarn/-/yarn-1.22.19.tgz",
      "integrity": "sha512-/0V5q0WbslqnwP91tirOvldvYISzaqhClxzyUKXYxs07yUILIs5jx/k6CFe8bvKSkds5w+eiOqta39Wk3WxdcQ==",
      "hasInstallScript": true,
      "bin": {
        "yarn": "bin/yarn.js",
        "yarnpkg": "bin/yarn.js"
      },
      "engines": {
        "node": ">=4.0.0"
      }
    }
  }
}
